
Microsoft Visual Studio Solution File, Format Version 12.00
# Visual Studio 15
VisualStudioVersion = 15.0.26430.13
MinimumVisualStudioVersion = 10.0.40219.1
Project("{FAE04EC0-301F-11D3-BF4B-00C04F79EFBC}") = "Unittest", "Unittest\Unittest.csproj", "{E412640A-D9FB-47DC-930C-AFCAF845D108}"
EndProject
Project("{FAE04EC0-301F-11D3-BF4B-00C04F79EFBC}") = "Terminal", "Terminal\Terminal.csproj", "{88C8A769-5F47-4839-B47C-D38CA960BDF6}"
EndProject
Project("{FAE04EC0-301F-11D3-BF4B-00C04F79EFBC}") = "Flop", "Flop\Flop.csproj", "{D8C4BEB7-FB74-4C55-9651-AD389A70E4E3}"
EndProject
Project("{FAE04EC0-301F-11D3-BF4B-00C04F79EFBC}") = "Models", "Models\Models.csproj", "{976EAD88-A3A1-4037-80F3-419A3B83D597}"
EndProject
Project("{FAE04EC0-301F-11D3-BF4B-00C04F79EFBC}") = "Preflop", "Preflop\Preflop.csproj", "{1B94B354-A7BC-41CD-A5A7-0D073223DB93}"
EndProject
Project("{FAE04EC0-301F-11D3-BF4B-00C04F79EFBC}") = "Common", "Common\Common.csproj", "{6082F149-5677-40CB-9BD1-02F5104E6F49}"
EndProject
Project("{FAE04EC0-301F-11D3-BF4B-00C04F79EFBC}") = "Turn", "Turn\Turn.csproj", "{7EA7AF67-01B0-42E3-A301-B8A0ACF21799}"
EndProject
Project("{FAE04EC0-301F-11D3-BF4B-00C04F79EFBC}") = "River", "River\River.csproj", "{7175A661-B391-4156-A6D0-CFB92E0FE6AB}"
EndProject
Project("{FAE04EC0-301F-11D3-BF4B-00C04F79EFBC}") = "Strategy", "Strategy\Strategy.csproj", "{BFB7C5DE-8040-4E22-BCE5-FF3BC80C9F4B}"
EndProject
Project("{FAE04EC0-301F-11D3-BF4B-00C04F79EFBC}") = "ServerLogic", "ServerLogic\ServerLogic.csproj", "{39F323F7-9295-4A3B-840F-2E760182F29A}"
EndProject
Project("{9A19103F-16F7-4668-BE54-9A1E7A4F7556}") = "WebService", "WebService\WebService.csproj", "{1C1452A4-3709-4931-B575-CE06BCE9956B}"
EndProject
Project("{9A19103F-16F7-4668-BE54-9A1E7A4F7556}") = "Backend", "Backend\Backend.csproj", "{C9244858-290F-4D3B-8184-E715200F8793}"
EndProject
Project("{FAE04EC0-301F-11D3-BF4B-00C04F79EFBC}") = "Infra", "Infra\Infra.csproj", "{FA9C1526-1201-4B28-B69C-D9D46385633A}"
EndProject
Project("{FAE04EC0-301F-11D3-BF4B-00C04F79EFBC}") = "ChromeExtensions", "ChromeExtensions\ChromeExtensions.csproj", "{B56DCE88-DFF7-4037-8A22-3A243FABCB41}"
EndProject
Global
	GlobalSection(SolutionConfigurationPlatforms) = preSolution
		Debug|Any CPU = Debug|Any CPU
		Debug|x64 = Debug|x64
		Release|Any CPU = Release|Any CPU
		Release|x64 = Release|x64
	EndGlobalSection
	GlobalSection(ProjectConfigurationPlatforms) = postSolution
		{E412640A-D9FB-47DC-930C-AFCAF845D108}.Debug|Any CPU.ActiveCfg = Debug|Any CPU
		{E412640A-D9FB-47DC-930C-AFCAF845D108}.Debug|Any CPU.Build.0 = Debug|Any CPU
		{E412640A-D9FB-47DC-930C-AFCAF845D108}.Debug|x64.ActiveCfg = Debug|x64
		{E412640A-D9FB-47DC-930C-AFCAF845D108}.Debug|x64.Build.0 = Debug|x64
		{E412640A-D9FB-47DC-930C-AFCAF845D108}.Release|Any CPU.ActiveCfg = Release|Any CPU
		{E412640A-D9FB-47DC-930C-AFCAF845D108}.Release|Any CPU.Build.0 = Release|Any CPU
		{E412640A-D9FB-47DC-930C-AFCAF845D108}.Release|x64.ActiveCfg = Release|x64
		{E412640A-D9FB-47DC-930C-AFCAF845D108}.Release|x64.Build.0 = Release|x64
		{88C8A769-5F47-4839-B47C-D38CA960BDF6}.Debug|Any CPU.ActiveCfg = Debug|Any CPU
		{88C8A769-5F47-4839-B47C-D38CA960BDF6}.Debug|Any CPU.Build.0 = Debug|Any CPU
		{88C8A769-5F47-4839-B47C-D38CA960BDF6}.Debug|x64.ActiveCfg = Debug|x64
		{88C8A769-5F47-4839-B47C-D38CA960BDF6}.Debug|x64.Build.0 = Debug|x64
		{88C8A769-5F47-4839-B47C-D38CA960BDF6}.Release|Any CPU.ActiveCfg = Release|Any CPU
		{88C8A769-5F47-4839-B47C-D38CA960BDF6}.Release|Any CPU.Build.0 = Release|Any CPU
		{88C8A769-5F47-4839-B47C-D38CA960BDF6}.Release|x64.ActiveCfg = Release|Any CPU
		{88C8A769-5F47-4839-B47C-D38CA960BDF6}.Release|x64.Build.0 = Release|Any CPU
		{D8C4BEB7-FB74-4C55-9651-AD389A70E4E3}.Debug|Any CPU.ActiveCfg = Debug|Any CPU
		{D8C4BEB7-FB74-4C55-9651-AD389A70E4E3}.Debug|Any CPU.Build.0 = Debug|Any CPU
		{D8C4BEB7-FB74-4C55-9651-AD389A70E4E3}.Debug|x64.ActiveCfg = Debug|x64
		{D8C4BEB7-FB74-4C55-9651-AD389A70E4E3}.Debug|x64.Build.0 = Debug|x64
		{D8C4BEB7-FB74-4C55-9651-AD389A70E4E3}.Release|Any CPU.ActiveCfg = Release|Any CPU
		{D8C4BEB7-FB74-4C55-9651-AD389A70E4E3}.Release|Any CPU.Build.0 = Release|Any CPU
		{D8C4BEB7-FB74-4C55-9651-AD389A70E4E3}.Release|x64.ActiveCfg = Release|Any CPU
		{D8C4BEB7-FB74-4C55-9651-AD389A70E4E3}.Release|x64.Build.0 = Release|Any CPU
		{976EAD88-A3A1-4037-80F3-419A3B83D597}.Debug|Any CPU.ActiveCfg = Debug|Any CPU
		{976EAD88-A3A1-4037-80F3-419A3B83D597}.Debug|Any CPU.Build.0 = Debug|Any CPU
		{976EAD88-A3A1-4037-80F3-419A3B83D597}.Debug|x64.ActiveCfg = Debug|x64
		{976EAD88-A3A1-4037-80F3-419A3B83D597}.Debug|x64.Build.0 = Debug|x64
		{976EAD88-A3A1-4037-80F3-419A3B83D597}.Release|Any CPU.ActiveCfg = Release|Any CPU
		{976EAD88-A3A1-4037-80F3-419A3B83D597}.Release|Any CPU.Build.0 = Release|Any CPU
		{976EAD88-A3A1-4037-80F3-419A3B83D597}.Release|x64.ActiveCfg = Release|Any CPU
		{976EAD88-A3A1-4037-80F3-419A3B83D597}.Release|x64.Build.0 = Release|Any CPU
		{1B94B354-A7BC-41CD-A5A7-0D073223DB93}.Debug|Any CPU.ActiveCfg = Debug|Any CPU
		{1B94B354-A7BC-41CD-A5A7-0D073223DB93}.Debug|Any CPU.Build.0 = Debug|Any CPU
		{1B94B354-A7BC-41CD-A5A7-0D073223DB93}.Debug|x64.ActiveCfg = Debug|x64
		{1B94B354-A7BC-41CD-A5A7-0D073223DB93}.Debug|x64.Build.0 = Debug|x64
		{1B94B354-A7BC-41CD-A5A7-0D073223DB93}.Release|Any CPU.ActiveCfg = Release|Any CPU
		{1B94B354-A7BC-41CD-A5A7-0D073223DB93}.Release|Any CPU.Build.0 = Release|Any CPU
		{1B94B354-A7BC-41CD-A5A7-0D073223DB93}.Release|x64.ActiveCfg = Release|Any CPU
		{1B94B354-A7BC-41CD-A5A7-0D073223DB93}.Release|x64.Build.0 = Release|Any CPU
		{6082F149-5677-40CB-9BD1-02F5104E6F49}.Debug|Any CPU.ActiveCfg = Debug|Any CPU
		{6082F149-5677-40CB-9BD1-02F5104E6F49}.Debug|Any CPU.Build.0 = Debug|Any CPU
		{6082F149-5677-40CB-9BD1-02F5104E6F49}.Debug|x64.ActiveCfg = Debug|x64
		{6082F149-5677-40CB-9BD1-02F5104E6F49}.Debug|x64.Build.0 = Debug|x64
		{6082F149-5677-40CB-9BD1-02F5104E6F49}.Release|Any CPU.ActiveCfg = Release|Any CPU
		{6082F149-5677-40CB-9BD1-02F5104E6F49}.Release|Any CPU.Build.0 = Release|Any CPU
		{6082F149-5677-40CB-9BD1-02F5104E6F49}.Release|x64.ActiveCfg = Release|Any CPU
		{6082F149-5677-40CB-9BD1-02F5104E6F49}.Release|x64.Build.0 = Release|Any CPU
		{7EA7AF67-01B0-42E3-A301-B8A0ACF21799}.Debug|Any CPU.ActiveCfg = Debug|Any CPU
		{7EA7AF67-01B0-42E3-A301-B8A0ACF21799}.Debug|Any CPU.Build.0 = Debug|Any CPU
		{7EA7AF67-01B0-42E3-A301-B8A0ACF21799}.Debug|x64.ActiveCfg = Debug|x64
		{7EA7AF67-01B0-42E3-A301-B8A0ACF21799}.Debug|x64.Build.0 = Debug|x64
		{7EA7AF67-01B0-42E3-A301-B8A0ACF21799}.Release|Any CPU.ActiveCfg = Release|Any CPU
		{7EA7AF67-01B0-42E3-A301-B8A0ACF21799}.Release|Any CPU.Build.0 = Release|Any CPU
		{7EA7AF67-01B0-42E3-A301-B8A0ACF21799}.Release|x64.ActiveCfg = Release|Any CPU
		{7EA7AF67-01B0-42E3-A301-B8A0ACF21799}.Release|x64.Build.0 = Release|Any CPU
		{7175A661-B391-4156-A6D0-CFB92E0FE6AB}.Debug|Any CPU.ActiveCfg = Debug|Any CPU
		{7175A661-B391-4156-A6D0-CFB92E0FE6AB}.Debug|Any CPU.Build.0 = Debug|Any CPU
		{7175A661-B391-4156-A6D0-CFB92E0FE6AB}.Debug|x64.ActiveCfg = Debug|x64
		{7175A661-B391-4156-A6D0-CFB92E0FE6AB}.Debug|x64.Build.0 = Debug|x64
		{7175A661-B391-4156-A6D0-CFB92E0FE6AB}.Release|Any CPU.ActiveCfg = Release|Any CPU
		{7175A661-B391-4156-A6D0-CFB92E0FE6AB}.Release|Any CPU.Build.0 = Release|Any CPU
		{7175A661-B391-4156-A6D0-CFB92E0FE6AB}.Release|x64.ActiveCfg = Release|Any CPU
		{7175A661-B391-4156-A6D0-CFB92E0FE6AB}.Release|x64.Build.0 = Release|Any CPU
		{BFB7C5DE-8040-4E22-BCE5-FF3BC80C9F4B}.Debug|Any CPU.ActiveCfg = Debug|Any CPU
		{BFB7C5DE-8040-4E22-BCE5-FF3BC80C9F4B}.Debug|Any CPU.Build.0 = Debug|Any CPU
		{BFB7C5DE-8040-4E22-BCE5-FF3BC80C9F4B}.Debug|x64.ActiveCfg = Debug|x64
		{BFB7C5DE-8040-4E22-BCE5-FF3BC80C9F4B}.Debug|x64.Build.0 = Debug|x64
		{BFB7C5DE-8040-4E22-BCE5-FF3BC80C9F4B}.Release|Any CPU.ActiveCfg = Release|Any CPU
		{BFB7C5DE-8040-4E22-BCE5-FF3BC80C9F4B}.Release|Any CPU.Build.0 = Release|Any CPU
		{BFB7C5DE-8040-4E22-BCE5-FF3BC80C9F4B}.Release|x64.ActiveCfg = Release|Any CPU
		{BFB7C5DE-8040-4E22-BCE5-FF3BC80C9F4B}.Release|x64.Build.0 = Release|Any CPU
		{39F323F7-9295-4A3B-840F-2E760182F29A}.Debug|Any CPU.ActiveCfg = Debug|Any CPU
		{39F323F7-9295-4A3B-840F-2E760182F29A}.Debug|Any CPU.Build.0 = Debug|Any CPU
		{39F323F7-9295-4A3B-840F-2E760182F29A}.Debug|x64.ActiveCfg = Debug|x64
		{39F323F7-9295-4A3B-840F-2E760182F29A}.Debug|x64.Build.0 = Debug|x64
		{39F323F7-9295-4A3B-840F-2E760182F29A}.Release|Any CPU.ActiveCfg = Release|Any CPU
		{39F323F7-9295-4A3B-840F-2E760182F29A}.Release|Any CPU.Build.0 = Release|Any CPU
		{39F323F7-9295-4A3B-840F-2E760182F29A}.Release|x64.ActiveCfg = Release|Any CPU
		{39F323F7-9295-4A3B-840F-2E760182F29A}.Release|x64.Build.0 = Release|Any CPU
		{1C1452A4-3709-4931-B575-CE06BCE9956B}.Debug|Any CPU.ActiveCfg = Debug|Any CPU
		{1C1452A4-3709-4931-B575-CE06BCE9956B}.Debug|Any CPU.Build.0 = Debug|Any CPU
		{1C1452A4-3709-4931-B575-CE06BCE9956B}.Debug|x64.ActiveCfg = Debug|Any CPU
		{1C1452A4-3709-4931-B575-CE06BCE9956B}.Debug|x64.Build.0 = Debug|Any CPU
		{1C1452A4-3709-4931-B575-CE06BCE9956B}.Release|Any CPU.ActiveCfg = Release|Any CPU
		{1C1452A4-3709-4931-B575-CE06BCE9956B}.Release|Any CPU.Build.0 = Release|Any CPU
		{1C1452A4-3709-4931-B575-CE06BCE9956B}.Release|x64.ActiveCfg = Release|Any CPU
		{1C1452A4-3709-4931-B575-CE06BCE9956B}.Release|x64.Build.0 = Release|Any CPU
		{C9244858-290F-4D3B-8184-E715200F8793}.Debug|Any CPU.ActiveCfg = Debug|Any CPU
		{C9244858-290F-4D3B-8184-E715200F8793}.Debug|Any CPU.Build.0 = Debug|Any CPU
		{C9244858-290F-4D3B-8184-E715200F8793}.Debug|x64.ActiveCfg = Debug|Any CPU
		{C9244858-290F-4D3B-8184-E715200F8793}.Debug|x64.Build.0 = Debug|Any CPU
		{C9244858-290F-4D3B-8184-E715200F8793}.Release|Any CPU.ActiveCfg = Release|Any CPU
		{C9244858-290F-4D3B-8184-E715200F8793}.Release|Any CPU.Build.0 = Release|Any CPU
		{C9244858-290F-4D3B-8184-E715200F8793}.Release|x64.ActiveCfg = Release|Any CPU
		{C9244858-290F-4D3B-8184-E715200F8793}.Release|x64.Build.0 = Release|Any CPU
		{FA9C1526-1201-4B28-B69C-D9D46385633A}.Debug|Any CPU.ActiveCfg = Debug|Any CPU
		{FA9C1526-1201-4B28-B69C-D9D46385633A}.Debug|Any CPU.Build.0 = Debug|Any CPU
		{FA9C1526-1201-4B28-B69C-D9D46385633A}.Debug|x64.ActiveCfg = Debug|Any CPU
		{FA9C1526-1201-4B28-B69C-D9D46385633A}.Debug|x64.Build.0 = Debug|Any CPU
		{FA9C1526-1201-4B28-B69C-D9D46385633A}.Release|Any CPU.ActiveCfg = Release|Any CPU
		{FA9C1526-1201-4B28-B69C-D9D46385633A}.Release|Any CPU.Build.0 = Release|Any CPU
		{FA9C1526-1201-4B28-B69C-D9D46385633A}.Release|x64.ActiveCfg = Release|Any CPU
		{FA9C1526-1201-4B28-B69C-D9D46385633A}.Release|x64.Build.0 = Release|Any CPU
		{B56DCE88-DFF7-4037-8A22-3A243FABCB41}.Debug|Any CPU.ActiveCfg = Debug|Any CPU
		{B56DCE88-DFF7-4037-8A22-3A243FABCB41}.Debug|Any CPU.Build.0 = Debug|Any CPU
		{B56DCE88-DFF7-4037-8A22-3A243FABCB41}.Debug|x64.ActiveCfg = Debug|Any CPU
		{B56DCE88-DFF7-4037-8A22-3A243FABCB41}.Debug|x64.Build.0 = Debug|Any CPU
		{B56DCE88-DFF7-4037-8A22-3A243FABCB41}.Release|Any CPU.ActiveCfg = Release|Any CPU
		{B56DCE88-DFF7-4037-8A22-3A243FABCB41}.Release|Any CPU.Build.0 = Release|Any CPU
		{B56DCE88-DFF7-4037-8A22-3A243FABCB41}.Release|x64.ActiveCfg = Release|Any CPU
		{B56DCE88-DFF7-4037-8A22-3A243FABCB41}.Release|x64.Build.0 = Release|Any CPU
	EndGlobalSection
	GlobalSection(SolutionProperties) = preSolution
		HideSolutionNode = FALSE
	EndGlobalSection
	GlobalSection(ExtensibilityGlobals) = postSolution
		SolutionGuid = {282A5D12-72F1-4647-892F-770E784DE5ED}
	EndGlobalSection
EndGlobal
